// !$*UTF8*$!
{
	archiveVersion = 1;
	classes = {
	};
	objectVersion = 46;
	objects = {

/* Begin PBXBuildFile section */
		469981CA1E2B284200E842D3 /* AppDelegate.m in Sources */ = {isa = PBXBuildFile; fileRef = 469981C91E2B284200E842D3 /* AppDelegate.m */; };
		469981CD1E2B284200E842D3 /* main.m in Sources */ = {isa = PBXBuildFile; fileRef = 469981CC1E2B284200E842D3 /* main.m */; };
		469981CF1E2B284200E842D3 /* Assets.xcassets in Resources */ = {isa = PBXBuildFile; fileRef = 469981CE1E2B284200E842D3 /* Assets.xcassets */; };
		469981D21E2B284200E842D3 /* MainMenu.xib in Resources */ = {isa = PBXBuildFile; fileRef = 469981D01E2B284200E842D3 /* MainMenu.xib */; };
		469981E31E2B2AF500E842D3 /* ELZDoctor.m in Sources */ = {isa = PBXBuildFile; fileRef = 469981E21E2B2AF500E842D3 /* ELZDoctor.m */; };
		469982001E2C33E100E842D3 /* English.plist in CopyFiles */ = {isa = PBXBuildFile; fileRef = 469981EC1E2B2C1E00E842D3 /* English.plist */; };
		469982021E2C381600E842D3 /* first-names.txt in Resources */ = {isa = PBXBuildFile; fileRef = 469982011E2C381600E842D3 /* first-names.txt */; };
		469982051E2C3D7100E842D3 /* French.plist in CopyFiles */ = {isa = PBXBuildFile; fileRef = 469982031E2C3D0B00E842D3 /* French.plist */; };
/* End PBXBuildFile section */

/* Begin PBXCopyFilesBuildPhase section */
		469981FF1E2C33CA00E842D3 /* CopyFiles */ = {
			isa = PBXCopyFilesBuildPhase;
			buildActionMask = 2147483647;
			dstPath = Languages;
			dstSubfolderSpec = 7;
			files = (
				469982001E2C33E100E842D3 /* English.plist in CopyFiles */,
				469982051E2C3D7100E842D3 /* French.plist in CopyFiles */,
			);
			runOnlyForDeploymentPostprocessing = 0;
		};
/* End PBXCopyFilesBuildPhase section */

/* Begin PBXFileReference section */
		469981C51E2B284200E842D3 /* Eliza.app */ = {isa = PBXFileReference; explicitFileType = wrapper.application; includeInIndex = 0; path = Eliza.app; sourceTree = BUILT_PRODUCTS_DIR; };
		469981C81E2B284200E842D3 /* AppDelegate.h */ = {isa = PBXFileReference; lastKnownFileType = sourcecode.c.h; path = AppDelegate.h; sourceTree = "<group>"; };
		469981C91E2B284200E842D3 /* AppDelegate.m */ = {isa = PBXFileReference; lastKnownFileType = sourcecode.c.objc; path = AppDelegate.m; sourceTree = "<group>"; };
		469981CC1E2B284200E842D3 /* main.m */ = {isa = PBXFileReference; lastKnownFileType = sourcecode.c.objc; path = main.m; sourceTree = "<group>"; };
		469981CE1E2B284200E842D3 /* Assets.xcassets */ = {isa = PBXFileReference; lastKnownFileType = folder.assetcatalog; path = Assets.xcassets; sourceTree = "<group>"; };
		469981D11E2B284200E842D3 /* Base */ = {isa = PBXFileReference; lastKnownFileType = file.xib; name = Base; path = Base.lproj/MainMenu.xib; sourceTree = "<group>"; };
		469981D31E2B284200E842D3 /* Info.plist */ = {isa = PBXFileReference; lastKnownFileType = text.plist.xml; path = Info.plist; sourceTree = "<group>"; };
		469981E11E2B2AF500E842D3 /* ELZDoctor.h */ = {isa = PBXFileReference; fileEncoding = 4; lastKnownFileType = sourcecode.c.h; path = ELZDoctor.h; sourceTree = "<group>"; };
		469981E21E2B2AF500E842D3 /* ELZDoctor.m */ = {isa = PBXFileReference; fileEncoding = 4; lastKnownFileType = sourcecode.c.objc; path = ELZDoctor.m; sourceTree = "<group>"; };
		469981EC1E2B2C1E00E842D3 /* English.plist */ = {isa = PBXFileReference; fileEncoding = 4; lastKnownFileType = text.plist.xml; path = English.plist; sourceTree = "<group>"; };
		469982011E2C381600E842D3 /* first-names.txt */ = {isa = PBXFileReference; fileEncoding = 4; lastKnownFileType = text; path = "first-names.txt"; sourceTree = "<group>"; };
		469982031E2C3D0B00E842D3 /* French.plist */ = {isa = PBXFileReference; fileEncoding = 4; lastKnownFileType = text.plist.xml; path = French.plist; sourceTree = "<group>"; };
/* End PBXFileReference section */

/* Begin PBXFrameworksBuildPhase section */
		469981C21E2B284200E842D3 /* Frameworks */ = {
			isa = PBXFrameworksBuildPhase;
			buildActionMask = 2147483647;
			files = (
			);
			runOnlyForDeploymentPostprocessing = 0;
		};
/* End PBXFrameworksBuildPhase section */

/* Begin PBXGroup section */
		469981BC1E2B284200E842D3 = {
			isa = PBXGroup;
			children = (
				469981C71E2B284200E842D3 /* Eliza */,
				469981C61E2B284200E842D3 /* Products */,
			);
			sourceTree = "<group>";
		};
		469981C61E2B284200E842D3 /* Products */ = {
			isa = PBXGroup;
			children = (
				469981C51E2B284200E842D3 /* Eliza.app */,
			);
			name = Products;
			sourceTree = "<group>";
		};
		469981C71E2B284200E842D3 /* Eliza */ = {
			isa = PBXGroup;
			children = (
				469981FE1E2C310400E842D3 /* Languages */,
				469981C81E2B284200E842D3 /* AppDelegate.h */,
				469981C91E2B284200E842D3 /* AppDelegate.m */,
				469981E11E2B2AF500E842D3 /* ELZDoctor.h */,
				469981E21E2B2AF500E842D3 /* ELZDoctor.m */,
				469982011E2C381600E842D3 /* first-names.txt */,
				469981CE1E2B284200E842D3 /* Assets.xcassets */,
				469981D01E2B284200E842D3 /* MainMenu.xib */,
				469981D31E2B284200E842D3 /* Info.plist */,
				469981CB1E2B284200E842D3 /* Supporting Files */,
			);
			path = Eliza;
			sourceTree = "<group>";
		};
		469981CB1E2B284200E842D3 /* Supporting Files */ = {
			isa = PBXGroup;
			children = (
				469981CC1E2B284200E842D3 /* main.m */,
			);
			name = "Supporting Files";
			sourceTree = "<group>";
		};
		469981FE1E2C310400E842D3 /* Languages */ = {
			isa = PBXGroup;
			children = (
				469981EC1E2B2C1E00E842D3 /* English.plist */,
				469982031E2C3D0B00E842D3 /* French.plist */,
			);
			name = Languages;
			sourceTree = "<group>";
		};
/* End PBXGroup section */

/* Begin PBXNativeTarget section */
		469981C41E2B284200E842D3 /* Eliza */ = {
			isa = PBXNativeTarget;
			buildConfigurationList = 469981D61E2B284200E842D3 /* Build configuration list for PBXNativeTarget "Eliza" */;
			buildPhases = (
				469981C11E2B284200E842D3 /* Sources */,
				469981C21E2B284200E842D3 /* Frameworks */,
				469981C31E2B284200E842D3 /* Resources */,
				469981FF1E2C33CA00E842D3 /* CopyFiles */,
			);
			buildRules = (
			);
			dependencies = (
			);
			name = Eliza;
			productName = Eliza;
			productReference = 469981C51E2B284200E842D3 /* Eliza.app */;
			productType = "com.apple.product-type.application";
		};
/* End PBXNativeTarget section */

/* Begin PBXProject section */
		469981BD1E2B284200E842D3 /* Project object */ = {
			isa = PBXProject;
			attributes = {
				LastUpgradeCheck = 0820;
				ORGANIZATIONNAME = "Carter Rosenberg";
				TargetAttributes = {
					469981C41E2B284200E842D3 = {
						CreatedOnToolsVersion = 8.2;
						ProvisioningStyle = Automatic;
					};
				};
			};
			buildConfigurationList = 469981C01E2B284200E842D3 /* Build configuration list for PBXProject "Eliza" */;
			compatibilityVersion = "Xcode 3.2";
			developmentRegion = English;
			hasScannedForEncodings = 0;
			knownRegions = (
				en,
				Base,
			);
			mainGroup = 469981BC1E2B284200E842D3;
			productRefGroup = 469981C61E2B284200E842D3 /* Products */;
			projectDirPath = "";
			projectRoot = "";
			targets = (
				469981C41E2B284200E842D3 /* Eliza */,
			);
		};
/* End PBXProject section */

/* Begin PBXResourcesBuildPhase section */
		469981C31E2B284200E842D3 /* Resources */ = {
			isa = PBXResourcesBuildPhase;
			buildActionMask = 2147483647;
			files = (
				469982021E2C381600E842D3 /* first-names.txt in Resources */,
				469981CF1E2B284200E842D3 /* Assets.xcassets in Resources */,
				469981D21E2B284200E842D3 /* MainMenu.xib in Resources */,
			);
			runOnlyForDeploymentPostprocessing = 0;
		};
/* End PBXResourcesBuildPhase section */

/* Begin PBXSourcesBuildPhase section */
		469981C11E2B284200E842D3 /* Sources */ = {
			isa = PBXSourcesBuildPhase;
			buildActionMask = 2147483647;
			files = (
				469981CD1E2B284200E842D3 /* main.m in Sources */,
				469981E31E2B2AF500E842D3 /* ELZDoctor.m in Sources */,
				469981CA1E2B284200E842D3 /* AppDelegate.m in Sources */,
			);
			runOnlyForDeploymentPostprocessing = 0;
		};
/* End PBXSourcesBuildPhase section */

/* Begin PBXVariantGroup section */
		469981D01E2B284200E842D3 /* MainMenu.xib */ = {
			isa = PBXVariantGroup;
			children = (
				469981D11E2B284200E842D3 /* Base */,
			);
			name = MainMenu.xib;
			sourceTree = "<group>";
		};
/* End PBXVariantGroup section */

/* Begin XCBuildConfiguration section */
		469981D41E2B284200E842D3 /* Debug */ = {
			isa = XCBuildConfiguration;
			buildSettings = {
				ALWAYS_SEARCH_USER_PATHS = NO;
				CLANG_ANALYZER_NONNULL = YES;
				CLANG_CXX_LANGUAGE_STANDARD = "gnu++0x";
				CLANG_CXX_LIBRARY = "libc++";
				CLANG_ENABLE_MODULES = YES;
				CLANG_ENABLE_OBJC_ARC = YES;
				CLANG_WARN_BOOL_CONVERSION = YES;
				CLANG_WARN_CONSTANT_CONVERSION = YES;
				CLANG_WARN_DIRECT_OBJC_ISA_USAGE = YES_ERROR;
				CLANG_WARN_DOCUMENTATION_COMMENTS = YES;
				CLANG_WARN_EMPTY_BODY = YES;
				CLANG_WARN_ENUM_CONVERSION = YES;
				CLANG_WARN_INFINITE_RECURSION = YES;
				CLANG_WARN_INT_CONVERSION = YES;
				CLANG_WARN_OBJC_ROOT_CLASS = YES_ERROR;
				CLANG_WARN_SUSPICIOUS_MOVE = YES;
				CLANG_WARN_UNREACHABLE_CODE = YES;
				CLANG_WARN__DUPLICATE_METHOD_MATCH = YES;
				CODE_SIGN_IDENTITY = "-";
				COPY_PHASE_STRIP = NO;
				DEBUG_INFORMATION_FORMAT = dwarf;
				ENABLE_STRICT_OBJC_MSGSEND = YES;
				ENABLE_TESTABILITY = YES;
				GCC_C_LANGUAGE_STANDARD = gnu99;
				GCC_DYNAMIC_NO_PIC = NO;
				GCC_NO_COMMON_BLOCKS = YES;
				GCC_OPTIMIZATION_LEVEL = 0;
				GCC_PREPROCESSOR_DEFINITIONS = (
					"DEBUG=1",
					"$(inherited)",
				);
				GCC_WARN_64_TO_32_BIT_CONVERSION = YES;
				GCC_WARN_ABOUT_RETURN_TYPE = YES_ERROR;
				GCC_WARN_UNDECLARED_SELECTOR = YES;
				GCC_WARN_UNINITIALIZED_AUTOS = YES_AGGRESSIVE;
				GCC_WARN_UNUSED_FUNCTION = YES;
				GCC_WARN_UNUSED_VARIABLE = YES;
				MACOSX_DEPLOYMENT_TARGET = 10.12;
				MTL_ENABLE_DEBUG_INFO = YES;
				ONLY_ACTIVE_ARCH = YES;
				SDKROOT = macosx;
			};
			name = Debug;
		};
		469981D51E2B284200E842D3 /* Release */ = {
			isa = XCBuildConfiguration;
			buildSettings = {
				ALWAYS_SEARCH_USER_PATHS = NO;
				CLANG_ANALYZER_NONNULL = YES;
				CLANG_CXX_LANGUAGE_STANDARD = "gnu++0x";
				CLANG_CXX_LIBRARY = "libc++";
				CLANG_ENABLE_MODULES = YES;
				CLANG_ENABLE_OBJC_ARC = YES;
				CLANG_WARN_BOOL_CONVERSION = YES;
				CLANG_WARN_CONSTANT_CONVERSION = YES;
				CLANG_WARN_DIRECT_OBJC_ISA_USAGE = YES_ERROR;
				CLANG_WARN_DOCUMENTATION_COMMENTS = YES;
				CLANG_WARN_EMPTY_BODY = YES;
				CLANG_WARN_ENUM_CONVERSION = YES;
				CLANG_WARN_INFINITE_RECURSION = YES;
				CLANG_WARN_INT_CONVERSION = YES;
				CLANG_WARN_OBJC_ROOT_CLASS = YES_ERROR;
				CLANG_WARN_SUSPICIOUS_MOVE = YES;
				CLANG_WARN_UNREACHABLE_CODE = YES;
				CLANG_WARN__DUPLICATE_METHOD_MATCH = YES;
				CODE_SIGN_IDENTITY = "-";
				COPY_PHASE_STRIP = NO;
				DEBUG_INFORMATION_FORMAT = "dwarf-with-dsym";
				ENABLE_NS_ASSERTIONS = NO;
				ENABLE_STRICT_OBJC_MSGSEND = YES;
				GCC_C_LANGUAGE_STANDARD = gnu99;
				GCC_NO_COMMON_BLOCKS = YES;
				GCC_WARN_64_TO_32_BIT_CONVERSION = YES;
				GCC_WARN_ABOUT_RETURN_TYPE = YES_ERROR;
				GCC_WARN_UNDECLARED_SELECTOR = YES;
				GCC_WARN_UNINITIALIZED_AUTOS = YES_AGGRESSIVE;
				GCC_WARN_UNUSED_FUNCTION = YES;
				GCC_WARN_UNUSED_VARIABLE = YES;
				MACOSX_DEPLOYMENT_TARGET = 10.12;
				MTL_ENABLE_DEBUG_INFO = NO;
				SDKROOT = macosx;
			};
			name = Release;
		};
		469981D71E2B284200E842D3 /* Debug */ = {
			isa = XCBuildConfiguration;
			buildSettings = {
				ASSETCATALOG_COMPILER_APPICON_NAME = AppIcon;
				COMBINE_HIDPI_IMAGES = YES;
				INFOPLIST_FILE = Eliza/Info.plist;
				LD_RUNPATH_SEARCH_PATHS = "$(inherited) @executable_path/../Frameworks";
				PRODUCT_BUNDLE_IDENTIFIER = com.nobody.Eliza;
				PRODUCT_NAME = "$(TARGET_NAME)";
			};
			name = Debug;
		};
		469981D81E2B284200E842D3 /* Release */ = {
			isa = XCBuildConfiguration;
			buildSettings = {
				ASSETCATALOG_COMPILER_APPICON_NAME = AppIcon;
				COMBINE_HIDPI_IMAGES = YES;
				INFOPLIST_FILE = Eliza/Info.plist;
				LD_RUNPATH_SEARCH_PATHS = "$(inherited) @executable_path/../Frameworks";
				PRODUCT_BUNDLE_IDENTIFIER = com.nobody.Eliza;
				PRODUCT_NAME = "$(TARGET_NAME)";
			};
			name = Release;
		};
/* End XCBuildConfiguration section */

/* Begin XCConfigurationList section */
		469981C01E2B284200E842D3 /* Build configuration list for PBXProject "Eliza" */ = {
			isa = XCConfigurationList;
			buildConfigurations = (
				469981D41E2B284200E842D3 /* Debug */,
				469981D51E2B284200E842D3 /* Release */,
			);
			defaultConfigurationIsVisible = 0;
			defaultConfigurationName = Release;
		};
		469981D61E2B284200E842D3 /* Build configuration list for PBXNativeTarget "Eliza" */ = {
			isa = XCConfigurationList;
			buildConfigurations = (
				469981D71E2B284200E842D3 /* Debug */,
				469981D81E2B284200E842D3 /* Release */,
			);
			defaultConfigurationIsVisible = 0;
			defaultConfigurationName = Release;
		};
/* End XCConfigurationList section */
	};
	rootObject = 469981BD1E2B284200E842D3 /* Project object */;
}
